
Microsoft Visual Studio Solution File, Format Version 12.00
# Visual Studio Version 17
VisualStudioVersion = 17.0.31903.59
MinimumVisualStudioVersion = 10.0.40219.1
Project("{FAE04EC0-301F-11D3-BF4B-00C04F79EFBC}") = "Datadog.Serverless.Compat", "Datadog.Serverless\Datadog.Serverless.Compat.csproj", "{8B0F688F-EF0F-487A-9C75-D38368A5DEFB}"
EndProject
Project("{FAE04EC0-301F-11D3-BF4B-00C04F79EFBC}") = "Datadog.Serverless.Tests", "Datadog.Serverless.Tests\Datadog.Serverless.Tests.csproj", "{C53C00F3-CCC6-47BF-97B6-B658EE928ACC}"
EndProject
Project("{2150E333-8FDC-42A3-9474-1A3956D46DE8}") = "solution items", "solution items", "{FC3D2DD4-B06B-48F3-9B37-62F1A27EFA49}"
	ProjectSection(SolutionItems) = preProject
		.github\workflows\build-and-test.yaml = .github\workflows\build-and-test.yaml
		.github\workflows\publish.yaml = .github\workflows\publish.yaml
		README.md = README.md
	EndProjectSection
EndProject
Global
	GlobalSection(SolutionConfigurationPlatforms) = preSolution
		Debug|Any CPU = Debug|Any CPU
		Release|Any CPU = Release|Any CPU
	EndGlobalSection
	GlobalSection(SolutionProperties) = preSolution
		HideSolutionNode = FALSE
	EndGlobalSection
	GlobalSection(ProjectConfigurationPlatforms) = postSolution
		{8B0F688F-EF0F-487A-9C75-D38368A5DEFB}.Debug|Any CPU.ActiveCfg = Debug|Any CPU
		{8B0F688F-EF0F-487A-9C75-D38368A5DEFB}.Debug|Any CPU.Build.0 = Debug|Any CPU
		{8B0F688F-EF0F-487A-9C75-D38368A5DEFB}.Release|Any CPU.ActiveCfg = Release|Any CPU
		{8B0F688F-EF0F-487A-9C75-D38368A5DEFB}.Release|Any CPU.Build.0 = Release|Any CPU
		{C53C00F3-CCC6-47BF-97B6-B658EE928ACC}.Debug|Any CPU.ActiveCfg = Debug|Any CPU
		{C53C00F3-CCC6-47BF-97B6-B658EE928ACC}.Debug|Any CPU.Build.0 = Debug|Any CPU
		{C53C00F3-CCC6-47BF-97B6-B658EE928ACC}.Release|Any CPU.ActiveCfg = Release|Any CPU
		{C53C00F3-CCC6-47BF-97B6-B658EE928ACC}.Release|Any CPU.Build.0 = Release|Any CPU
	EndGlobalSection
EndGlobal
